Microsoft Visual Studio Solution File, Format Version 12.00
# Visual Studio Version 17
VisualStudioVersion = 17.5.2.0
MinimumVisualStudioVersion = 10.0.40219.1
Project("{FAE04EC0-301F-11D3-BF4B-00C04F79EFBC}") = "Ati.API.Common", "Ati.API.Common.csproj", "{0E320B5E-8EC6-F43F-C4EB-98C781982C32}"
EndProject
Global
	GlobalSection(SolutionConfigurationPlatforms) = preSolution
		Debug|Any CPU = Debug|Any CPU
		Release|Any CPU = Release|Any CPU
	EndGlobalSection
	GlobalSection(ProjectConfigurationPlatforms) = postSolution
		{0E320B5E-8EC6-F43F-C4EB-98C781982C32}.Debug|Any CPU.ActiveCfg = Debug|Any CPU
		{0E320B5E-8EC6-F43F-C4EB-98C781982C32}.Debug|Any CPU.Build.0 = Debug|Any CPU
		{0E320B5E-8EC6-F43F-C4EB-98C781982C32}.Release|Any CPU.ActiveCfg = Release|Any CPU
		{0E320B5E-8EC6-F43F-C4EB-98C781982C32}.Release|Any CPU.Build.0 = Release|Any CPU
	EndGlobalSection
	GlobalSection(SolutionProperties) = preSolution
		HideSolutionNode = FALSE
	EndGlobalSection
	GlobalSection(ExtensibilityGlobals) = postSolution
		SolutionGuid = {2FA02F10-4E3F-4C5C-8CA0-9D6315A9B2D1}
	EndGlobalSection
EndGlobal
